// !$*UTF8*$!
{
	archiveVersion = 1;
	classes = {
	};
	objectVersion = 48;
	objects = {

/* Begin PBXBuildFile section */
		00C26AB8B7FF045BF5EB142F /* Pods_ThrumpIt.framework in Frameworks */ = {isa = PBXBuildFile; fileRef = 88B5698BFDB998EA2689D630 /* Pods_ThrumpIt.framework */; };
		2253B7C11FBFE4F1002550E1 /* ApiClient.swift in Sources */ = {isa = PBXBuildFile; fileRef = 2253B7C01FBFE4F1002550E1 /* ApiClient.swift */; };
		2253B7C41FC17769002550E1 /* Tabbar.storyboard in Resources */ = {isa = PBXBuildFile; fileRef = 2253B7C31FC17769002550E1 /* Tabbar.storyboard */; };
		225951FB1FC179AE00282145 /* ItemCell.xib in Resources */ = {isa = PBXBuildFile; fileRef = 225951FA1FC179AE00282145 /* ItemCell.xib */; };
		22D082E21F9F4B430011E5D4 /* AppDelegate.swift in Sources */ = {isa = PBXBuildFile; fileRef = 22D082E11F9F4B430011E5D4 /* AppDelegate.swift */; };
		22D082E41F9F4B430011E5D4 /* ViewController.swift in Sources */ = {isa = PBXBuildFile; fileRef = 22D082E31F9F4B430011E5D4 /* ViewController.swift */; };
		22D082E71F9F4B430011E5D4 /* Main.storyboard in Resources */ = {isa = PBXBuildFile; fileRef = 22D082E51F9F4B430011E5D4 /* Main.storyboard */; };
		22D082EA1F9F4B430011E5D4 /* ThrumpIt.xcdatamodeld in Sources */ = {isa = PBXBuildFile; fileRef = 22D082E81F9F4B430011E5D4 /* ThrumpIt.xcdatamodeld */; };
		22D082EC1F9F4B430011E5D4 /* Assets.xcassets in Resources */ = {isa = PBXBuildFile; fileRef = 22D082EB1F9F4B430011E5D4 /* Assets.xcassets */; };
		22D082EF1F9F4B430011E5D4 /* LaunchScreen.storyboard in Resources */ = {isa = PBXBuildFile; fileRef = 22D082ED1F9F4B430011E5D4 /* LaunchScreen.storyboard */; };
		22D082FA1F9F4B430011E5D4 /* ThrumpItTests.swift in Sources */ = {isa = PBXBuildFile; fileRef = 22D082F91F9F4B430011E5D4 /* ThrumpItTests.swift */; };
		22D083051F9F4B430011E5D4 /* ThrumpItUITests.swift in Sources */ = {isa = PBXBuildFile; fileRef = 22D083041F9F4B430011E5D4 /* ThrumpItUITests.swift */; };
		D3D6C0634A8F7F9DF8E25A8C /* Pods_ThrumpItTests.framework in Frameworks */ = {isa = PBXBuildFile; fileRef = 7A52DCB6191ADB6F8AA794ED /* Pods_ThrumpItTests.framework */; };
		D93C715D3910FEAB3DD12C40 /* Pods_ThrumpItUITests.framework in Frameworks */ = {isa = PBXBuildFile; fileRef = 915E027E71EC28DD8EC4C6FD /* Pods_ThrumpItUITests.framework */; };
/* End PBXBuildFile section */

/* Begin PBXContainerItemProxy section */
		22D082F61F9F4B430011E5D4 /* PBXContainerItemProxy */ = {
			isa = PBXContainerItemProxy;
			containerPortal = 22D082D61F9F4B430011E5D4 /* Project object */;
			proxyType = 1;
			remoteGlobalIDString = 22D082DD1F9F4B430011E5D4;
			remoteInfo = ThrumpIt;
		};
		22D083011F9F4B430011E5D4 /* PBXContainerItemProxy */ = {
			isa = PBXContainerItemProxy;
			containerPortal = 22D082D61F9F4B430011E5D4 /* Project object */;
			proxyType = 1;
			remoteGlobalIDString = 22D082DD1F9F4B430011E5D4;
			remoteInfo = ThrumpIt;
		};
/* End PBXContainerItemProxy section */

/* Begin PBXFileReference section */
		02A286FDC6DD2335BF559808 /* Pods-ThrumpIt.release.xcconfig */ = {isa = PBXFileReference; includeInIndex = 1; lastKnownFileType = text.xcconfig; name = "Pods-ThrumpIt.release.xcconfig"; path = "Pods/Target Support Files/Pods-ThrumpIt/Pods-ThrumpIt.release.xcconfig"; sourceTree = "<group>"; };
		2253B7C01FBFE4F1002550E1 /* ApiClient.swift */ = {isa = PBXFileReference; fileEncoding = 4; lastKnownFileType = sourcecode.swift; path = ApiClient.swift; sourceTree = "<group>"; };
		2253B7C31FC17769002550E1 /* Tabbar.storyboard */ = {isa = PBXFileReference; lastKnownFileType = file.storyboard; path = Tabbar.storyboard; sourceTree = "<group>"; };
		225951FA1FC179AE00282145 /* ItemCell.xib */ = {isa = PBXFileReference; lastKnownFileType = file.xib; path = ItemCell.xib; sourceTree = "<group>"; };
		22D082DE1F9F4B430011E5D4 /* ThrumpIt.app */ = {isa = PBXFileReference; explicitFileType = wrapper.application; includeInIndex = 0; path = ThrumpIt.app; sourceTree = BUILT_PRODUCTS_DIR; };
		22D082E11F9F4B430011E5D4 /* AppDelegate.swift */ = {isa = PBXFileReference; lastKnownFileType = sourcecode.swift; path = AppDelegate.swift; sourceTree = "<group>"; };
		22D082E31F9F4B430011E5D4 /* ViewController.swift */ = {isa = PBXFileReference; lastKnownFileType = sourcecode.swift; path = ViewController.swift; sourceTree = "<group>"; };
		22D082E61F9F4B430011E5D4 /* Base */ = {isa = PBXFileReference; lastKnownFileType = file.storyboard; name = Base; path = Base.lproj/Main.storyboard; sourceTree = "<group>"; };
		22D082E91F9F4B430011E5D4 /* ThrumpIt.xcdatamodel */ = {isa = PBXFileReference; lastKnownFileType = wrapper.xcdatamodel; path = ThrumpIt.xcdatamodel; sourceTree = "<group>"; };
		22D082EB1F9F4B430011E5D4 /* Assets.xcassets */ = {isa = PBXFileReference; lastKnownFileType = folder.assetcatalog; path = Assets.xcassets; sourceTree = "<group>"; };
		22D082EE1F9F4B430011E5D4 /* Base */ = {isa = PBXFileReference; lastKnownFileType = file.storyboard; name = Base; path = Base.lproj/LaunchScreen.storyboard; sourceTree = "<group>"; };
		22D082F01F9F4B430011E5D4 /* Info.plist */ = {isa = PBXFileReference; lastKnownFileType = text.plist.xml; path = Info.plist; sourceTree = "<group>"; };
		22D082F51F9F4B430011E5D4 /* ThrumpItTests.xctest */ = {isa = PBXFileReference; explicitFileType = wrapper.cfbundle; includeInIndex = 0; path = ThrumpItTests.xctest; sourceTree = BUILT_PRODUCTS_DIR; };
		22D082F91F9F4B430011E5D4 /* ThrumpItTests.swift */ = {isa = PBXFileReference; lastKnownFileType = sourcecode.swift; path = ThrumpItTests.swift; sourceTree = "<group>"; };
		22D082FB1F9F4B430011E5D4 /* Info.plist */ = {isa = PBXFileReference; lastKnownFileType = text.plist.xml; path = Info.plist; sourceTree = "<group>"; };
		22D083001F9F4B430011E5D4 /* ThrumpItUITests.xctest */ = {isa = PBXFileReference; explicitFileType = wrapper.cfbundle; includeInIndex = 0; path = ThrumpItUITests.xctest; sourceTree = BUILT_PRODUCTS_DIR; };
		22D083041F9F4B430011E5D4 /* ThrumpItUITests.swift */ = {isa = PBXFileReference; lastKnownFileType = sourcecode.swift; path = ThrumpItUITests.swift; sourceTree = "<group>"; };
		22D083061F9F4B430011E5D4 /* Info.plist */ = {isa = PBXFileReference; lastKnownFileType = text.plist.xml; path = Info.plist; sourceTree = "<group>"; };
		3CC8431F7F21430C63EDBAE3 /* Pods-ThrumpIt.debug.xcconfig */ = {isa = PBXFileReference; includeInIndex = 1; lastKnownFileType = text.xcconfig; name = "Pods-ThrumpIt.debug.xcconfig"; path = "Pods/Target Support Files/Pods-ThrumpIt/Pods-ThrumpIt.debug.xcconfig"; sourceTree = "<group>"; };
		7A52DCB6191ADB6F8AA794ED /* Pods_ThrumpItTests.framework */ = {isa = PBXFileReference; explicitFileType = wrapper.framework; includeInIndex = 0; path = Pods_ThrumpItTests.framework; sourceTree = BUILT_PRODUCTS_DIR; };
		88B5698BFDB998EA2689D630 /* Pods_ThrumpIt.framework */ = {isa = PBXFileReference; explicitFileType = wrapper.framework; includeInIndex = 0; path = Pods_ThrumpIt.framework; sourceTree = BUILT_PRODUCTS_DIR; };
		915E027E71EC28DD8EC4C6FD /* Pods_ThrumpItUITests.framework */ = {isa = PBXFileReference; explicitFileType = wrapper.framework; includeInIndex = 0; path = Pods_ThrumpItUITests.framework; sourceTree = BUILT_PRODUCTS_DIR; };
		91F9CA7B1048EB2A2FC9CB8B /* Pods-ThrumpItUITests.debug.xcconfig */ = {isa = PBXFileReference; includeInIndex = 1; lastKnownFileType = text.xcconfig; name = "Pods-ThrumpItUITests.debug.xcconfig"; path = "Pods/Target Support Files/Pods-ThrumpItUITests/Pods-ThrumpItUITests.debug.xcconfig"; sourceTree = "<group>"; };
		CD206D05C27A30FBABB9160F /* Pods-ThrumpItTests.debug.xcconfig */ = {isa = PBXFileReference; includeInIndex = 1; lastKnownFileType = text.xcconfig; name = "Pods-ThrumpItTests.debug.xcconfig"; path = "Pods/Target Support Files/Pods-ThrumpItTests/Pods-ThrumpItTests.debug.xcconfig"; sourceTree = "<group>"; };
		D401326884A28359C74403D6 /* Pods-ThrumpItTests.release.xcconfig */ = {isa = PBXFileReference; includeInIndex = 1; lastKnownFileType = text.xcconfig; name = "Pods-ThrumpItTests.release.xcconfig"; path = "Pods/Target Support Files/Pods-ThrumpItTests/Pods-ThrumpItTests.release.xcconfig"; sourceTree = "<group>"; };
		DB9DA5EB37BEFF75CBB50CAF /* Pods-ThrumpItUITests.release.xcconfig */ = {isa = PBXFileReference; includeInIndex = 1; lastKnownFileType = text.xcconfig; name = "Pods-ThrumpItUITests.release.xcconfig"; path = "Pods/Target Support Files/Pods-ThrumpItUITests/Pods-ThrumpItUITests.release.xcconfig"; sourceTree = "<group>"; };
/* End PBXFileReference section */

/* Begin PBXFrameworksBuildPhase section */
		22D082DB1F9F4B430011E5D4 /* Frameworks */ = {
			isa = PBXFrameworksBuildPhase;
			buildActionMask = 2147483647;
			files = (
				00C26AB8B7FF045BF5EB142F /* Pods_ThrumpIt.framework in Frameworks */,
			);
			runOnlyForDeploymentPostprocessing = 0;
		};
		22D082F21F9F4B430011E5D4 /* Frameworks */ = {
			isa = PBXFrameworksBuildPhase;
			buildActionMask = 2147483647;
			files = (
				D3D6C0634A8F7F9DF8E25A8C /* Pods_ThrumpItTests.framework in Frameworks */,
			);
			runOnlyForDeploymentPostprocessing = 0;
		};
		22D082FD1F9F4B430011E5D4 /* Frameworks */ = {
			isa = PBXFrameworksBuildPhase;
			buildActionMask = 2147483647;
			files = (
				D93C715D3910FEAB3DD12C40 /* Pods_ThrumpItUITests.framework in Frameworks */,
			);
			runOnlyForDeploymentPostprocessing = 0;
		};
/* End PBXFrameworksBuildPhase section */

/* Begin PBXGroup section */
		2253B7BE1FBFE4DC002550E1 /* Networking */ = {
			isa = PBXGroup;
			children = (
				2253B7BF1FBFE4F1002550E1 /* ApiClient */,
			);
			path = Networking;
			sourceTree = "<group>";
		};
		2253B7BF1FBFE4F1002550E1 /* ApiClient */ = {
			isa = PBXGroup;
			children = (
				2253B7C01FBFE4F1002550E1 /* ApiClient.swift */,
			);
			path = ApiClient;
			sourceTree = "<group>";
		};
		2253B7C21FC17749002550E1 /* Storyboards */ = {
			isa = PBXGroup;
			children = (
				2253B7C31FC17769002550E1 /* Tabbar.storyboard */,
				225951FA1FC179AE00282145 /* ItemCell.xib */,
			);
			path = Storyboards;
			sourceTree = "<group>";
		};
		22D082D51F9F4B430011E5D4 = {
			isa = PBXGroup;
			children = (
				22D082E01F9F4B430011E5D4 /* ThrumpIt */,
				22D082F81F9F4B430011E5D4 /* ThrumpItTests */,
				22D083031F9F4B430011E5D4 /* ThrumpItUITests */,
				22D082DF1F9F4B430011E5D4 /* Products */,
				69C028D3A7114CD85989F7C8 /* Pods */,
				917B62505CCB9668B1E557A7 /* Frameworks */,
			);
			sourceTree = "<group>";
		};
		22D082DF1F9F4B430011E5D4 /* Products */ = {
			isa = PBXGroup;
			children = (
				22D082DE1F9F4B430011E5D4 /* ThrumpIt.app */,
				22D082F51F9F4B430011E5D4 /* ThrumpItTests.xctest */,
				22D083001F9F4B430011E5D4 /* ThrumpItUITests.xctest */,
			);
			name = Products;
			sourceTree = "<group>";
		};
		22D082E01F9F4B430011E5D4 /* ThrumpIt */ = {
			isa = PBXGroup;
			children = (
				2253B7C21FC17749002550E1 /* Storyboards */,
				2253B7BE1FBFE4DC002550E1 /* Networking */,
				22D082E11F9F4B430011E5D4 /* AppDelegate.swift */,
				22D082E31F9F4B430011E5D4 /* ViewController.swift */,
				22D082E51F9F4B430011E5D4 /* Main.storyboard */,
				22D082EB1F9F4B430011E5D4 /* Assets.xcassets */,
				22D082ED1F9F4B430011E5D4 /* LaunchScreen.storyboard */,
				22D082F01F9F4B430011E5D4 /* Info.plist */,
				22D082E81F9F4B430011E5D4 /* ThrumpIt.xcdatamodeld */,
			);
			path = ThrumpIt;
			sourceTree = "<group>";
		};
		22D082F81F9F4B430011E5D4 /* ThrumpItTests */ = {
			isa = PBXGroup;
			children = (
				22D082F91F9F4B430011E5D4 /* ThrumpItTests.swift */,
				22D082FB1F9F4B430011E5D4 /* Info.plist */,
			);
			path = ThrumpItTests;
			sourceTree = "<group>";
		};
		22D083031F9F4B430011E5D4 /* ThrumpItUITests */ = {
			isa = PBXGroup;
			children = (
				22D083041F9F4B430011E5D4 /* ThrumpItUITests.swift */,
				22D083061F9F4B430011E5D4 /* Info.plist */,
			);
			path = ThrumpItUITests;
			sourceTree = "<group>";
		};
		69C028D3A7114CD85989F7C8 /* Pods */ = {
			isa = PBXGroup;
			children = (
				3CC8431F7F21430C63EDBAE3 /* Pods-ThrumpIt.debug.xcconfig */,
				02A286FDC6DD2335BF559808 /* Pods-ThrumpIt.release.xcconfig */,
				CD206D05C27A30FBABB9160F /* Pods-ThrumpItTests.debug.xcconfig */,
				D401326884A28359C74403D6 /* Pods-ThrumpItTests.release.xcconfig */,
				91F9CA7B1048EB2A2FC9CB8B /* Pods-ThrumpItUITests.debug.xcconfig */,
				DB9DA5EB37BEFF75CBB50CAF /* Pods-ThrumpItUITests.release.xcconfig */,
			);
			name = Pods;
			sourceTree = "<group>";
		};
		917B62505CCB9668B1E557A7 /* Frameworks */ = {
			isa = PBXGroup;
			children = (
				88B5698BFDB998EA2689D630 /* Pods_ThrumpIt.framework */,
				7A52DCB6191ADB6F8AA794ED /* Pods_ThrumpItTests.framework */,
				915E027E71EC28DD8EC4C6FD /* Pods_ThrumpItUITests.framework */,
			);
			name = Frameworks;
			sourceTree = "<group>";
		};
/* End PBXGroup section */

/* Begin PBXNativeTarget section */
		22D082DD1F9F4B430011E5D4 /* ThrumpIt */ = {
			isa = PBXNativeTarget;
			buildConfigurationList = 22D083091F9F4B430011E5D4 /* Build configuration list for PBXNativeTarget "ThrumpIt" */;
			buildPhases = (
				1378DBD5FF19A5828A9041C9 /* [CP] Check Pods Manifest.lock */,
				22D082DA1F9F4B430011E5D4 /* Sources */,
				22D082DB1F9F4B430011E5D4 /* Frameworks */,
				22D082DC1F9F4B430011E5D4 /* Resources */,
				43214B0F785255A395FED373 /* [CP] Embed Pods Frameworks */,
				518304B756C712386D600D44 /* [CP] Copy Pods Resources */,
			);
			buildRules = (
			);
			dependencies = (
			);
			name = ThrumpIt;
			productName = ThrumpIt;
			productReference = 22D082DE1F9F4B430011E5D4 /* ThrumpIt.app */;
			productType = "com.apple.product-type.application";
		};
		22D082F41F9F4B430011E5D4 /* ThrumpItTests */ = {
			isa = PBXNativeTarget;
			buildConfigurationList = 22D0830C1F9F4B430011E5D4 /* Build configuration list for PBXNativeTarget "ThrumpItTests" */;
			buildPhases = (
				C1D3A7A06796C9BA911D83F3 /* [CP] Check Pods Manifest.lock */,
				22D082F11F9F4B430011E5D4 /* Sources */,
				22D082F21F9F4B430011E5D4 /* Frameworks */,
				22D082F31F9F4B430011E5D4 /* Resources */,
				8B01C5E63492084F31311B6C /* [CP] Embed Pods Frameworks */,
				05F96D8DBA42AECEE94820D1 /* [CP] Copy Pods Resources */,
			);
			buildRules = (
			);
			dependencies = (
				22D082F71F9F4B430011E5D4 /* PBXTargetDependency */,
			);
			name = ThrumpItTests;
			productName = ThrumpItTests;
			productReference = 22D082F51F9F4B430011E5D4 /* ThrumpItTests.xctest */;
			productType = "com.apple.product-type.bundle.unit-test";
		};
		22D082FF1F9F4B430011E5D4 /* ThrumpItUITests */ = {
			isa = PBXNativeTarget;
			buildConfigurationList = 22D0830F1F9F4B430011E5D4 /* Build configuration list for PBXNativeTarget "ThrumpItUITests" */;
			buildPhases = (
				BDD202F58DA4F9CBFE2F17B4 /* [CP] Check Pods Manifest.lock */,
				22D082FC1F9F4B430011E5D4 /* Sources */,
				22D082FD1F9F4B430011E5D4 /* Frameworks */,
				22D082FE1F9F4B430011E5D4 /* Resources */,
				35E0EAB07724AF6189543B5C /* [CP] Embed Pods Frameworks */,
				3CEF41480070017253A5B624 /* [CP] Copy Pods Resources */,
			);
			buildRules = (
			);
			dependencies = (
				22D083021F9F4B430011E5D4 /* PBXTargetDependency */,
			);
			name = ThrumpItUITests;
			productName = ThrumpItUITests;
			productReference = 22D083001F9F4B430011E5D4 /* ThrumpItUITests.xctest */;
			productType = "com.apple.product-type.bundle.ui-testing";
		};
/* End PBXNativeTarget section */

/* Begin PBXProject section */
		22D082D61F9F4B430011E5D4 /* Project object */ = {
			isa = PBXProject;
			attributes = {
				LastSwiftUpdateCheck = 0900;
				LastUpgradeCheck = 0900;
				ORGANIZATIONNAME = Thrumpit;
				TargetAttributes = {
					22D082DD1F9F4B430011E5D4 = {
						CreatedOnToolsVersion = 9.0;
						ProvisioningStyle = Automatic;
					};
					22D082F41F9F4B430011E5D4 = {
						CreatedOnToolsVersion = 9.0;
						ProvisioningStyle = Automatic;
						TestTargetID = 22D082DD1F9F4B430011E5D4;
					};
					22D082FF1F9F4B430011E5D4 = {
						CreatedOnToolsVersion = 9.0;
						ProvisioningStyle = Automatic;
						TestTargetID = 22D082DD1F9F4B430011E5D4;
					};
				};
			};
			buildConfigurationList = 22D082D91F9F4B430011E5D4 /* Build configuration list for PBXProject "ThrumpIt" */;
			compatibilityVersion = "Xcode 8.0";
			developmentRegion = en;
			hasScannedForEncodings = 0;
			knownRegions = (
				en,
				Base,
			);
			mainGroup = 22D082D51F9F4B430011E5D4;
			productRefGroup = 22D082DF1F9F4B430011E5D4 /* Products */;
			projectDirPath = "";
			projectRoot = "";
			targets = (
				22D082DD1F9F4B430011E5D4 /* ThrumpIt */,
				22D082F41F9F4B430011E5D4 /* ThrumpItTests */,
				22D082FF1F9F4B430011E5D4 /* ThrumpItUITests */,
			);
		};
/* End PBXProject section */

/* Begin PBXResourcesBuildPhase section */
		22D082DC1F9F4B430011E5D4 /* Resources */ = {
			isa = PBXResourcesBuildPhase;
			buildActionMask = 2147483647;
			files = (
				2253B7C41FC17769002550E1 /* Tabbar.storyboard in Resources */,
				22D082EF1F9F4B430011E5D4 /* LaunchScreen.storyboard in Resources */,
				225951FB1FC179AE00282145 /* ItemCell.xib in Resources */,
				22D082EC1F9F4B430011E5D4 /* Assets.xcassets in Resources */,
				22D082E71F9F4B430011E5D4 /* Main.storyboard in Resources */,
			);
			runOnlyForDeploymentPostprocessing = 0;
		};
		22D082F31F9F4B430011E5D4 /* Resources */ = {
			isa = PBXResourcesBuildPhase;
			buildActionMask = 2147483647;
			files = (
			);
			runOnlyForDeploymentPostprocessing = 0;
		};
		22D082FE1F9F4B430011E5D4 /* Resources */ = {
			isa = PBXResourcesBuildPhase;
			buildActionMask = 2147483647;
			files = (
			);
			runOnlyForDeploymentPostprocessing = 0;
		};
/* End PBXResourcesBuildPhase section */

/* Begin PBXShellScriptBuildPhase section */
		05F96D8DBA42AECEE94820D1 /* [CP] Copy Pods Resources */ = {
			isa = PBXShellScriptBuildPhase;
			buildActionMask = 2147483647;
			files = (
			);
			inputPaths = (
			);
			name = "[CP] Copy Pods Resources";
			outputPaths = (
			);
			runOnlyForDeploymentPostprocessing = 0;
			shellPath = /bin/sh;
			shellScript = "\"${SRCROOT}/Pods/Target Support Files/Pods-ThrumpItTests/Pods-ThrumpItTests-resources.sh\"\n";
			showEnvVarsInLog = 0;
		};
		1378DBD5FF19A5828A9041C9 /* [CP] Check Pods Manifest.lock */ = {
			isa = PBXShellScriptBuildPhase;
			buildActionMask = 2147483647;
			files = (
			);
			inputPaths = (
				"${PODS_PODFILE_DIR_PATH}/Podfile.lock",
				"${PODS_ROOT}/Manifest.lock",
			);
			name = "[CP] Check Pods Manifest.lock";
			outputPaths = (
				"$(DERIVED_FILE_DIR)/Pods-ThrumpIt-checkManifestLockResult.txt",
			);
			runOnlyForDeploymentPostprocessing = 0;
			shellPath = /bin/sh;
			shellScript = "diff \"${PODS_PODFILE_DIR_PATH}/Podfile.lock\" \"${PODS_ROOT}/Manifest.lock\" > /dev/null\nif [ $? != 0 ] ; then\n    # print error to STDERR\n    echo \"error: The sandbox is not in sync with the Podfile.lock. Run 'pod install' or update your CocoaPods installation.\" >&2\n    exit 1\nfi\n# This output is used by Xcode 'outputs' to avoid re-running this script phase.\necho \"SUCCESS\" > \"${SCRIPT_OUTPUT_FILE_0}\"\n";
			showEnvVarsInLog = 0;
		};
		35E0EAB07724AF6189543B5C /* [CP] Embed Pods Frameworks */ = {
			isa = PBXShellScriptBuildPhase;
			buildActionMask = 2147483647;
			files = (
			);
			inputPaths = (
			);
			name = "[CP] Embed Pods Frameworks";
			outputPaths = (
			);
			runOnlyForDeploymentPostprocessing = 0;
			shellPath = /bin/sh;
			shellScript = "\"${SRCROOT}/Pods/Target Support Files/Pods-ThrumpItUITests/Pods-ThrumpItUITests-frameworks.sh\"\n";
			showEnvVarsInLog = 0;
		};
		3CEF41480070017253A5B624 /* [CP] Copy Pods Resources */ = {
			isa = PBXShellScriptBuildPhase;
			buildActionMask = 2147483647;
			files = (
			);
			inputPaths = (
			);
			name = "[CP] Copy Pods Resources";
			outputPaths = (
			);
			runOnlyForDeploymentPostprocessing = 0;
			shellPath = /bin/sh;
			shellScript = "\"${SRCROOT}/Pods/Target Support Files/Pods-ThrumpItUITests/Pods-ThrumpItUITests-resources.sh\"\n";
			showEnvVarsInLog = 0;
		};
		43214B0F785255A395FED373 /* [CP] Embed Pods Frameworks */ = {
			isa = PBXShellScriptBuildPhase;
			buildActionMask = 2147483647;
			files = (
			);
			inputPaths = (
				"${SRCROOT}/Pods/Target Support Files/Pods-ThrumpIt/Pods-ThrumpIt-frameworks.sh",
				"${BUILT_PRODUCTS_DIR}/Alamofire/Alamofire.framework",
				"${BUILT_PRODUCTS_DIR}/MBProgressHUD/MBProgressHUD.framework",
				"${BUILT_PRODUCTS_DIR}/ObjectMapper/ObjectMapper.framework",
				"${BUILT_PRODUCTS_DIR}/SwiftyJSON/SwiftyJSON.framework",
			);
			name = "[CP] Embed Pods Frameworks";
			outputPaths = (
				"${TARGET_BUILD_DIR}/${FRAMEWORKS_FOLDER_PATH}/Alamofire.framework",
				"${TARGET_BUILD_DIR}/${FRAMEWORKS_FOLDER_PATH}/MBProgressHUD.framework",
				"${TARGET_BUILD_DIR}/${FRAMEWORKS_FOLDER_PATH}/ObjectMapper.framework",
				"${TARGET_BUILD_DIR}/${FRAMEWORKS_FOLDER_PATH}/SwiftyJSON.framework",
			);
			runOnlyForDeploymentPostprocessing = 0;
			shellPath = /bin/sh;
			shellScript = "\"${SRCROOT}/Pods/Target Support Files/Pods-ThrumpIt/Pods-ThrumpIt-frameworks.sh\"\n";
			showEnvVarsInLog = 0;
		};
		518304B756C712386D600D44 /* [CP] Copy Pods Resources */ = {
			isa = PBXShellScriptBuildPhase;
			buildActionMask = 2147483647;
			files = (
			);
			inputPaths = (
			);
			name = "[CP] Copy Pods Resources";
			outputPaths = (
			);
			runOnlyForDeploymentPostprocessing = 0;
			shellPath = /bin/sh;
			shellScript = "\"${SRCROOT}/Pods/Target Support Files/Pods-ThrumpIt/Pods-ThrumpIt-resources.sh\"\n";
			showEnvVarsInLog = 0;
		};
		8B01C5E63492084F31311B6C /* [CP] Embed Pods Frameworks */ = {
			isa = PBXShellScriptBuildPhase;
			buildActionMask = 2147483647;
			files = (
			);
			inputPaths = (
			);
			name = "[CP] Embed Pods Frameworks";
			outputPaths = (
			);
			runOnlyForDeploymentPostprocessing = 0;
			shellPath = /bin/sh;
			shellScript = "\"${SRCROOT}/Pods/Target Support Files/Pods-ThrumpItTests/Pods-ThrumpItTests-frameworks.sh\"\n";
			showEnvVarsInLog = 0;
		};
		BDD202F58DA4F9CBFE2F17B4 /* [CP] Check Pods Manifest.lock */ = {
			isa = PBXShellScriptBuildPhase;
			buildActionMask = 2147483647;
			files = (
			);
			inputPaths = (
				"${PODS_PODFILE_DIR_PATH}/Podfile.lock",
				"${PODS_ROOT}/Manifest.lock",
			);
			name = "[CP] Check Pods Manifest.lock";
			outputPaths = (
				"$(DERIVED_FILE_DIR)/Pods-ThrumpItUITests-checkManifestLockResult.txt",
			);
			runOnlyForDeploymentPostprocessing = 0;
			shellPath = /bin/sh;
			shellScript = "diff \"${PODS_PODFILE_DIR_PATH}/Podfile.lock\" \"${PODS_ROOT}/Manifest.lock\" > /dev/null\nif [ $? != 0 ] ; then\n    # print error to STDERR\n    echo \"error: The sandbox is not in sync with the Podfile.lock. Run 'pod install' or update your CocoaPods installation.\" >&2\n    exit 1\nfi\n# This output is used by Xcode 'outputs' to avoid re-running this script phase.\necho \"SUCCESS\" > \"${SCRIPT_OUTPUT_FILE_0}\"\n";
			showEnvVarsInLog = 0;
		};
		C1D3A7A06796C9BA911D83F3 /* [CP] Check Pods Manifest.lock */ = {
			isa = PBXShellScriptBuildPhase;
			buildActionMask = 2147483647;
			files = (
			);
			inputPaths = (
				"${PODS_PODFILE_DIR_PATH}/Podfile.lock",
				"${PODS_ROOT}/Manifest.lock",
			);
			name = "[CP] Check Pods Manifest.lock";
			outputPaths = (
				"$(DERIVED_FILE_DIR)/Pods-ThrumpItTests-checkManifestLockResult.txt",
			);
			runOnlyForDeploymentPostprocessing = 0;
			shellPath = /bin/sh;
			shellScript = "diff \"${PODS_PODFILE_DIR_PATH}/Podfile.lock\" \"${PODS_ROOT}/Manifest.lock\" > /dev/null\nif [ $? != 0 ] ; then\n    # print error to STDERR\n    echo \"error: The sandbox is not in sync with the Podfile.lock. Run 'pod install' or update your CocoaPods installation.\" >&2\n    exit 1\nfi\n# This output is used by Xcode 'outputs' to avoid re-running this script phase.\necho \"SUCCESS\" > \"${SCRIPT_OUTPUT_FILE_0}\"\n";
			showEnvVarsInLog = 0;
		};
/* End PBXShellScriptBuildPhase section */

/* Begin PBXSourcesBuildPhase section */
		22D082DA1F9F4B430011E5D4 /* Sources */ = {
			isa = PBXSourcesBuildPhase;
			buildActionMask = 2147483647;
			files = (
				22D082EA1F9F4B430011E5D4 /* ThrumpIt.xcdatamodeld in Sources */,
				22D082E41F9F4B430011E5D4 /* ViewController.swift in Sources */,
				22D082E21F9F4B430011E5D4 /* AppDelegate.swift in Sources */,
				2253B7C11FBFE4F1002550E1 /* ApiClient.swift in Sources */,
			);
			runOnlyForDeploymentPostprocessing = 0;
		};
		22D082F11F9F4B430011E5D4 /* Sources */ = {
			isa = PBXSourcesBuildPhase;
			buildActionMask = 2147483647;
			files = (
				22D082FA1F9F4B430011E5D4 /* ThrumpItTests.swift in Sources */,
			);
			runOnlyForDeploymentPostprocessing = 0;
		};
		22D082FC1F9F4B430011E5D4 /* Sources */ = {
			isa = PBXSourcesBuildPhase;
			buildActionMask = 2147483647;
			files = (
				22D083051F9F4B430011E5D4 /* ThrumpItUITests.swift in Sources */,
			);
			runOnlyForDeploymentPostprocessing = 0;
		};
/* End PBXSourcesBuildPhase section */

/* Begin PBXTargetDependency section */
		22D082F71F9F4B430011E5D4 /* PBXTargetDependency */ = {
			isa = PBXTargetDependency;
			target = 22D082DD1F9F4B430011E5D4 /* ThrumpIt */;
			targetProxy = 22D082F61F9F4B430011E5D4 /* PBXContainerItemProxy */;
		};
		22D083021F9F4B430011E5D4 /* PBXTargetDependency */ = {
			isa = PBXTargetDependency;
			target = 22D082DD1F9F4B430011E5D4 /* ThrumpIt */;
			targetProxy = 22D083011F9F4B430011E5D4 /* PBXContainerItemProxy */;
		};
/* End PBXTargetDependency section */

/* Begin PBXVariantGroup section */
		22D082E51F9F4B430011E5D4 /* Main.storyboard */ = {
			isa = PBXVariantGroup;
			children = (
				22D082E61F9F4B430011E5D4 /* Base */,
			);
			name = Main.storyboard;
			sourceTree = "<group>";
		};
		22D082ED1F9F4B430011E5D4 /* LaunchScreen.storyboard */ = {
			isa = PBXVariantGroup;
			children = (
				22D082EE1F9F4B430011E5D4 /* Base */,
			);
			name = LaunchScreen.storyboard;
			sourceTree = "<group>";
		};
/* End PBXVariantGroup section */

/* Begin XCBuildConfiguration section */
		22D083071F9F4B430011E5D4 /* Debug */ = {
			isa = XCBuildConfiguration;
			buildSettings = {
				ALWAYS_SEARCH_USER_PATHS = NO;
				CLANG_ANALYZER_NONNULL = YES;
				CLANG_ANALYZER_NUMBER_OBJECT_CONVERSION = YES_AGGRESSIVE;
				CLANG_CXX_LANGUAGE_STANDARD = "gnu++14";
				CLANG_CXX_LIBRARY = "libc++";
				CLANG_ENABLE_MODULES = YES;
				CLANG_ENABLE_OBJC_ARC = YES;
				CLANG_WARN_BLOCK_CAPTURE_AUTORELEASING = YES;
				CLANG_WARN_BOOL_CONVERSION = YES;
				CLANG_WARN_COMMA = YES;
				CLANG_WARN_CONSTANT_CONVERSION = YES;
				CLANG_WARN_DIRECT_OBJC_ISA_USAGE = YES_ERROR;
				CLANG_WARN_DOCUMENTATION_COMMENTS = YES;
				CLANG_WARN_EMPTY_BODY = YES;
				CLANG_WARN_ENUM_CONVERSION = YES;
				CLANG_WARN_INFINITE_RECURSION = YES;
				CLANG_WARN_INT_CONVERSION = YES;
				CLANG_WARN_NON_LITERAL_NULL_CONVERSION = YES;
				CLANG_WARN_OBJC_LITERAL_CONVERSION = YES;
				CLANG_WARN_OBJC_ROOT_CLASS = YES_ERROR;
				CLANG_WARN_RANGE_LOOP_ANALYSIS = YES;
				CLANG_WARN_STRICT_PROTOTYPES = YES;
				CLANG_WARN_SUSPICIOUS_MOVE = YES;
				CLANG_WARN_UNGUARDED_AVAILABILITY = YES_AGGRESSIVE;
				CLANG_WARN_UNREACHABLE_CODE = YES;
				CLANG_WARN__DUPLICATE_METHOD_MATCH = YES;
				CODE_SIGN_IDENTITY = "iPhone Developer";
				COPY_PHASE_STRIP = NO;
				DEBUG_INFORMATION_FORMAT = dwarf;
				ENABLE_STRICT_OBJC_MSGSEND = YES;
				ENABLE_TESTABILITY = YES;
				GCC_C_LANGUAGE_STANDARD = gnu11;
				GCC_DYNAMIC_NO_PIC = NO;
				GCC_NO_COMMON_BLOCKS = YES;
				GCC_OPTIMIZATION_LEVEL = 0;
				GCC_PREPROCESSOR_DEFINITIONS = (
					"DEBUG=1",
					"$(inherited)",
				);
				GCC_WARN_64_TO_32_BIT_CONVERSION = YES;
				GCC_WARN_ABOUT_RETURN_TYPE = YES_ERROR;
				GCC_WARN_UNDECLARED_SELECTOR = YES;
				GCC_WARN_UNINITIALIZED_AUTOS = YES_AGGRESSIVE;
				GCC_WARN_UNUSED_FUNCTION = YES;
				GCC_WARN_UNUSED_VARIABLE = YES;
				IPHONEOS_DEPLOYMENT_TARGET = 11.0;
				MTL_ENABLE_DEBUG_INFO = YES;
				ONLY_ACTIVE_ARCH = YES;
				SDKROOT = iphoneos;
				SWIFT_ACTIVE_COMPILATION_CONDITIONS = DEBUG;
				SWIFT_OPTIMIZATION_LEVEL = "-Onone";
			};
			name = Debug;
		};
		22D083081F9F4B430011E5D4 /* Release */ = {
			isa = XCBuildConfiguration;
			buildSettings = {
				ALWAYS_SEARCH_USER_PATHS = NO;
				CLANG_ANALYZER_NONNULL = YES;
				CLANG_ANALYZER_NUMBER_OBJECT_CONVERSION = YES_AGGRESSIVE;
				CLANG_CXX_LANGUAGE_STANDARD = "gnu++14";
				CLANG_CXX_LIBRARY = "libc++";
				CLANG_ENABLE_MODULES = YES;
				CLANG_ENABLE_OBJC_ARC = YES;
				CLANG_WARN_BLOCK_CAPTURE_AUTORELEASING = YES;
				CLANG_WARN_BOOL_CONVERSION = YES;
				CLANG_WARN_COMMA = YES;
				CLANG_WARN_CONSTANT_CONVERSION = YES;
				CLANG_WARN_DIRECT_OBJC_ISA_USAGE = YES_ERROR;
				CLANG_WARN_DOCUMENTATION_COMMENTS = YES;
				CLANG_WARN_EMPTY_BODY = YES;
				CLANG_WARN_ENUM_CONVERSION = YES;
				CLANG_WARN_INFINITE_RECURSION = YES;
				CLANG_WARN_INT_CONVERSION = YES;
				CLANG_WARN_NON_LITERAL_NULL_CONVERSION = YES;
				CLANG_WARN_OBJC_LITERAL_CONVERSION = YES;
				CLANG_WARN_OBJC_ROOT_CLASS = YES_ERROR;
				CLANG_WARN_RANGE_LOOP_ANALYSIS = YES;
				CLANG_WARN_STRICT_PROTOTYPES = YES;
				CLANG_WARN_SUSPICIOUS_MOVE = YES;
				CLANG_WARN_UNGUARDED_AVAILABILITY = YES_AGGRESSIVE;
				CLANG_WARN_UNREACHABLE_CODE = YES;
				CLANG_WARN__DUPLICATE_METHOD_MATCH = YES;
				CODE_SIGN_IDENTITY = "iPhone Developer";
				COPY_PHASE_STRIP = NO;
				DEBUG_INFORMATION_FORMAT = "dwarf-with-dsym";
				ENABLE_NS_ASSERTIONS = NO;
				ENABLE_STRICT_OBJC_MSGSEND = YES;
				GCC_C_LANGUAGE_STANDARD = gnu11;
				GCC_NO_COMMON_BLOCKS = YES;
				GCC_WARN_64_TO_32_BIT_CONVERSION = YES;
				GCC_WARN_ABOUT_RETURN_TYPE = YES_ERROR;
				GCC_WARN_UNDECLARED_SELECTOR = YES;
				GCC_WARN_UNINITIALIZED_AUTOS = YES_AGGRESSIVE;
				GCC_WARN_UNUSED_FUNCTION = YES;
				GCC_WARN_UNUSED_VARIABLE = YES;
				IPHONEOS_DEPLOYMENT_TARGET = 11.0;
				MTL_ENABLE_DEBUG_INFO = NO;
				SDKROOT = iphoneos;
				SWIFT_OPTIMIZATION_LEVEL = "-Owholemodule";
				VALIDATE_PRODUCT = YES;
			};
			name = Release;
		};
		22D0830A1F9F4B430011E5D4 /* Debug */ = {
			isa = XCBuildConfiguration;
			baseConfigurationReference = 3CC8431F7F21430C63EDBAE3 /* Pods-ThrumpIt.debug.xcconfig */;
			buildSettings = {
				ASSETCATALOG_COMPILER_APPICON_NAME = AppIcon;
				CODE_SIGN_STYLE = Automatic;
				INFOPLIST_FILE = ThrumpIt/Info.plist;
				LD_RUNPATH_SEARCH_PATHS = "$(inherited) @executable_path/Frameworks";
				PRODUCT_BUNDLE_IDENTIFIER = com.thrumpit.ThrumpIt;
				PRODUCT_NAME = "$(TARGET_NAME)";
				SWIFT_VERSION = 4.0;
				TARGETED_DEVICE_FAMILY = "1,2";
			};
			name = Debug;
		};
		22D0830B1F9F4B430011E5D4 /* Release */ = {
			isa = XCBuildConfiguration;
			baseConfigurationReference = 02A286FDC6DD2335BF559808 /* Pods-ThrumpIt.release.xcconfig */;
			buildSettings = {
				ASSETCATALOG_COMPILER_APPICON_NAME = AppIcon;
				CODE_SIGN_STYLE = Automatic;
				INFOPLIST_FILE = ThrumpIt/Info.plist;
				LD_RUNPATH_SEARCH_PATHS = "$(inherited) @executable_path/Frameworks";
				PRODUCT_BUNDLE_IDENTIFIER = com.thrumpit.ThrumpIt;
				PRODUCT_NAME = "$(TARGET_NAME)";
				SWIFT_VERSION = 4.0;
				TARGETED_DEVICE_FAMILY = "1,2";
			};
			name = Release;
		};
		22D0830D1F9F4B430011E5D4 /* Debug */ = {
			isa = XCBuildConfiguration;
			baseConfigurationReference = CD206D05C27A30FBABB9160F /* Pods-ThrumpItTests.debug.xcconfig */;
			buildSettings = {
				ALWAYS_EMBED_SWIFT_STANDARD_LIBRARIES = YES;
				BUNDLE_LOADER = "$(TEST_HOST)";
				CODE_SIGN_STYLE = Automatic;
				INFOPLIST_FILE = ThrumpItTests/Info.plist;
				LD_RUNPATH_SEARCH_PATHS = "$(inherited) @executable_path/Frameworks @loader_path/Frameworks";
				PRODUCT_BUNDLE_IDENTIFIER = com.thrumpit.ThrumpItTests;
				PRODUCT_NAME = "$(TARGET_NAME)";
				SWIFT_VERSION = 4.0;
				TARGETED_DEVICE_FAMILY = "1,2";
				TEST_HOST = "$(BUILT_PRODUCTS_DIR)/ThrumpIt.app/ThrumpIt";
			};
			name = Debug;
		};
		22D0830E1F9F4B430011E5D4 /* Release */ = {
			isa = XCBuildConfiguration;
			baseConfigurationReference = D401326884A28359C74403D6 /* Pods-ThrumpItTests.release.xcconfig */;
			buildSettings = {
				ALWAYS_EMBED_SWIFT_STANDARD_LIBRARIES = YES;
				BUNDLE_LOADER = "$(TEST_HOST)";
				CODE_SIGN_STYLE = Automatic;
				INFOPLIST_FILE = ThrumpItTests/Info.plist;
				LD_RUNPATH_SEARCH_PATHS = "$(inherited) @executable_path/Frameworks @loader_path/Frameworks";
				PRODUCT_BUNDLE_IDENTIFIER = com.thrumpit.ThrumpItTests;
				PRODUCT_NAME = "$(TARGET_NAME)";
				SWIFT_VERSION = 4.0;
				TARGETED_DEVICE_FAMILY = "1,2";
				TEST_HOST = "$(BUILT_PRODUCTS_DIR)/ThrumpIt.app/ThrumpIt";
			};
			name = Release;
		};
		22D083101F9F4B430011E5D4 /* Debug */ = {
			isa = XCBuildConfiguration;
			baseConfigurationReference = 91F9CA7B1048EB2A2FC9CB8B /* Pods-ThrumpItUITests.debug.xcconfig */;
			buildSettings = {
				ALWAYS_EMBED_SWIFT_STANDARD_LIBRARIES = YES;
				CODE_SIGN_STYLE = Automatic;
				INFOPLIST_FILE = ThrumpItUITests/Info.plist;
				LD_RUNPATH_SEARCH_PATHS = "$(inherited) @executable_path/Frameworks @loader_path/Frameworks";
				PRODUCT_BUNDLE_IDENTIFIER = com.thrumpit.ThrumpItUITests;
				PRODUCT_NAME = "$(TARGET_NAME)";
				SWIFT_VERSION = 4.0;
				TARGETED_DEVICE_FAMILY = "1,2";
				TEST_TARGET_NAME = ThrumpIt;
			};
			name = Debug;
		};
		22D083111F9F4B430011E5D4 /* Release */ = {
			isa = XCBuildConfiguration;
			baseConfigurationReference = DB9DA5EB37BEFF75CBB50CAF /* Pods-ThrumpItUITests.release.xcconfig */;
			buildSettings = {
				ALWAYS_EMBED_SWIFT_STANDARD_LIBRARIES = YES;
				CODE_SIGN_STYLE = Automatic;
				INFOPLIST_FILE = ThrumpItUITests/Info.plist;
				LD_RUNPATH_SEARCH_PATHS = "$(inherited) @executable_path/Frameworks @loader_path/Frameworks";
				PRODUCT_BUNDLE_IDENTIFIER = com.thrumpit.ThrumpItUITests;
				PRODUCT_NAME = "$(TARGET_NAME)";
				SWIFT_VERSION = 4.0;
				TARGETED_DEVICE_FAMILY = "1,2";
				TEST_TARGET_NAME = ThrumpIt;
			};
			name = Release;
		};
/* End XCBuildConfiguration section */

/* Begin XCConfigurationList section */
		22D082D91F9F4B430011E5D4 /* Build configuration list for PBXProject "ThrumpIt" */ = {
			isa = XCConfigurationList;
			buildConfigurations = (
				22D083071F9F4B430011E5D4 /* Debug */,
				22D083081F9F4B430011E5D4 /* Release */,
			);
			defaultConfigurationIsVisible = 0;
			defaultConfigurationName = Release;
		};
		22D083091F9F4B430011E5D4 /* Build configuration list for PBXNativeTarget "ThrumpIt" */ = {
			isa = XCConfigurationList;
			buildConfigurations = (
				22D0830A1F9F4B430011E5D4 /* Debug */,
				22D0830B1F9F4B430011E5D4 /* Release */,
			);
			defaultConfigurationIsVisible = 0;
			defaultConfigurationName = Release;
		};
		22D0830C1F9F4B430011E5D4 /* Build configuration list for PBXNativeTarget "ThrumpItTests" */ = {
			isa = XCConfigurationList;
			buildConfigurations = (
				22D0830D1F9F4B430011E5D4 /* Debug */,
				22D0830E1F9F4B430011E5D4 /* Release */,
			);
			defaultConfigurationIsVisible = 0;
			defaultConfigurationName = Release;
		};
		22D0830F1F9F4B430011E5D4 /* Build configuration list for PBXNativeTarget "ThrumpItUITests" */ = {
			isa = XCConfigurationList;
			buildConfigurations = (
				22D083101F9F4B430011E5D4 /* Debug */,
				22D083111F9F4B430011E5D4 /* Release */,
			);
			defaultConfigurationIsVisible = 0;
			defaultConfigurationName = Release;
		};
/* End XCConfigurationList section */

/* Begin XCVersionGroup section */
		22D082E81F9F4B430011E5D4 /* ThrumpIt.xcdatamodeld */ = {
			isa = XCVersionGroup;
			children = (
				22D082E91F9F4B430011E5D4 /* ThrumpIt.xcdatamodel */,
			);
			currentVersion = 22D082E91F9F4B430011E5D4 /* ThrumpIt.xcdatamodel */;
			path = ThrumpIt.xcdatamodeld;
			sourceTree = "<group>";
			versionGroupType = wrapper.xcdatamodel;
		};
/* End XCVersionGroup section */
	};
	rootObject = 22D082D61F9F4B430011E5D4 /* Project object */;
}
